
Microsoft Visual Studio Solution File, Format Version 12.00
#
Project("{2150E333-8FDC-42A3-9474-1A3956D46DE8}") = "src", "src", "{519AE889-E774-44A0-8A77-BD289F30F7A4}"
EndProject
Project("{FAE04EC0-301F-11D3-BF4B-00C04F79EFBC}") = "FunctionApp", "src\FunctionApp\FunctionApp.csproj", "{288314B7-B1E8-45BF-9638-8999E351C6EB}"
EndProject
Project("{FAE04EC0-301F-11D3-BF4B-00C04F79EFBC}") = "Core", "src\Core\Core.csproj", "{A63A98B6-FEBF-4EB8-93F7-48D80347928A}"
EndProject
Project("{FAE04EC0-301F-11D3-BF4B-00C04F79EFBC}") = "Infrastructure", "src\Infrastructure\Infrastructure.csproj", "{DE52F594-E526-4F80-A260-D9203F5C5BE0}"
EndProject
Project("{FAE04EC0-301F-11D3-BF4B-00C04F79EFBC}") = "WebApp", "src\WebApp\WebApp.csproj", "{1DD74E07-40C9-41A5-A918-A4AD4CD57C94}"
EndProject
Project("{2150E333-8FDC-42A3-9474-1A3956D46DE8}") = "tests", "tests", "{E9DAC8B2-B98D-47D5-9D6B-56EB8287D581}"
EndProject
Project("{FAE04EC0-301F-11D3-BF4B-00C04F79EFBC}") = "FunctionApp.Test.Integration", "tests\FunctionApp.Test.Integration\FunctionApp.Test.Integration.csproj", "{4BECA014-1AF6-4CC1-AB29-9D6947A580B5}"
EndProject
Project("{FAE04EC0-301F-11D3-BF4B-00C04F79EFBC}") = "FunctionApp.Test.Unit", "tests\FunctionApp.Test.Unit\FunctionApp.Test.Unit.csproj", "{391DDA59-9F5B-44ED-94EB-A5B30E1DAA05}"
EndProject
Global
	GlobalSection(SolutionConfigurationPlatforms) = preSolution
		Debug|Any CPU = Debug|Any CPU
		Release|Any CPU = Release|Any CPU
	EndGlobalSection
	GlobalSection(ProjectConfigurationPlatforms) = postSolution
		{21D124F1-28E1-4431-8319-09B77530F103}.Debug|Any CPU.ActiveCfg = Debug|Any CPU
		{21D124F1-28E1-4431-8319-09B77530F103}.Debug|Any CPU.Build.0 = Debug|Any CPU
		{21D124F1-28E1-4431-8319-09B77530F103}.Release|Any CPU.ActiveCfg = Release|Any CPU
		{21D124F1-28E1-4431-8319-09B77530F103}.Release|Any CPU.Build.0 = Release|Any CPU
		{352A5E94-8EF1-44A2-B535-8139FC92167D}.Debug|Any CPU.ActiveCfg = Debug|Any CPU
		{352A5E94-8EF1-44A2-B535-8139FC92167D}.Debug|Any CPU.Build.0 = Debug|Any CPU
		{352A5E94-8EF1-44A2-B535-8139FC92167D}.Release|Any CPU.ActiveCfg = Release|Any CPU
		{352A5E94-8EF1-44A2-B535-8139FC92167D}.Release|Any CPU.Build.0 = Release|Any CPU
		{288314B7-B1E8-45BF-9638-8999E351C6EB}.Debug|Any CPU.ActiveCfg = Debug|Any CPU
		{288314B7-B1E8-45BF-9638-8999E351C6EB}.Debug|Any CPU.Build.0 = Debug|Any CPU
		{288314B7-B1E8-45BF-9638-8999E351C6EB}.Release|Any CPU.ActiveCfg = Release|Any CPU
		{288314B7-B1E8-45BF-9638-8999E351C6EB}.Release|Any CPU.Build.0 = Release|Any CPU
		{A63A98B6-FEBF-4EB8-93F7-48D80347928A}.Debug|Any CPU.ActiveCfg = Debug|Any CPU
		{A63A98B6-FEBF-4EB8-93F7-48D80347928A}.Debug|Any CPU.Build.0 = Debug|Any CPU
		{A63A98B6-FEBF-4EB8-93F7-48D80347928A}.Release|Any CPU.ActiveCfg = Release|Any CPU
		{A63A98B6-FEBF-4EB8-93F7-48D80347928A}.Release|Any CPU.Build.0 = Release|Any CPU
		{DE52F594-E526-4F80-A260-D9203F5C5BE0}.Debug|Any CPU.ActiveCfg = Debug|Any CPU
		{DE52F594-E526-4F80-A260-D9203F5C5BE0}.Debug|Any CPU.Build.0 = Debug|Any CPU
		{DE52F594-E526-4F80-A260-D9203F5C5BE0}.Release|Any CPU.ActiveCfg = Release|Any CPU
		{DE52F594-E526-4F80-A260-D9203F5C5BE0}.Release|Any CPU.Build.0 = Release|Any CPU
		{1DD74E07-40C9-41A5-A918-A4AD4CD57C94}.Debug|Any CPU.ActiveCfg = Debug|Any CPU
		{1DD74E07-40C9-41A5-A918-A4AD4CD57C94}.Debug|Any CPU.Build.0 = Debug|Any CPU
		{1DD74E07-40C9-41A5-A918-A4AD4CD57C94}.Release|Any CPU.ActiveCfg = Release|Any CPU
		{1DD74E07-40C9-41A5-A918-A4AD4CD57C94}.Release|Any CPU.Build.0 = Release|Any CPU
		{2838A67D-321A-449B-9F1D-DCE8A0BF56BF}.Debug|Any CPU.ActiveCfg = Debug|Any CPU
		{2838A67D-321A-449B-9F1D-DCE8A0BF56BF}.Debug|Any CPU.Build.0 = Debug|Any CPU
		{2838A67D-321A-449B-9F1D-DCE8A0BF56BF}.Release|Any CPU.ActiveCfg = Release|Any CPU
		{2838A67D-321A-449B-9F1D-DCE8A0BF56BF}.Release|Any CPU.Build.0 = Release|Any CPU
		{4BECA014-1AF6-4CC1-AB29-9D6947A580B5}.Debug|Any CPU.ActiveCfg = Debug|Any CPU
		{4BECA014-1AF6-4CC1-AB29-9D6947A580B5}.Debug|Any CPU.Build.0 = Debug|Any CPU
		{4BECA014-1AF6-4CC1-AB29-9D6947A580B5}.Release|Any CPU.ActiveCfg = Release|Any CPU
		{4BECA014-1AF6-4CC1-AB29-9D6947A580B5}.Release|Any CPU.Build.0 = Release|Any CPU
		{391DDA59-9F5B-44ED-94EB-A5B30E1DAA05}.Debug|Any CPU.ActiveCfg = Debug|Any CPU
		{391DDA59-9F5B-44ED-94EB-A5B30E1DAA05}.Debug|Any CPU.Build.0 = Debug|Any CPU
		{391DDA59-9F5B-44ED-94EB-A5B30E1DAA05}.Release|Any CPU.ActiveCfg = Release|Any CPU
		{391DDA59-9F5B-44ED-94EB-A5B30E1DAA05}.Release|Any CPU.Build.0 = Release|Any CPU
	EndGlobalSection
	GlobalSection(NestedProjects) = preSolution
		{288314B7-B1E8-45BF-9638-8999E351C6EB} = {519AE889-E774-44A0-8A77-BD289F30F7A4}
		{A63A98B6-FEBF-4EB8-93F7-48D80347928A} = {519AE889-E774-44A0-8A77-BD289F30F7A4}
		{DE52F594-E526-4F80-A260-D9203F5C5BE0} = {519AE889-E774-44A0-8A77-BD289F30F7A4}
		{1DD74E07-40C9-41A5-A918-A4AD4CD57C94} = {519AE889-E774-44A0-8A77-BD289F30F7A4}
		{4BECA014-1AF6-4CC1-AB29-9D6947A580B5} = {E9DAC8B2-B98D-47D5-9D6B-56EB8287D581}
		{391DDA59-9F5B-44ED-94EB-A5B30E1DAA05} = {E9DAC8B2-B98D-47D5-9D6B-56EB8287D581}
	EndGlobalSection
EndGlobal
